
Microsoft Visual Studio Solution File, Format Version 12.00
# Visual Studio Version 17
VisualStudioVersion = 17.5.33530.505
MinimumVisualStudioVersion = 10.0.40219.1
Project("{FAE04EC0-301F-11D3-BF4B-00C04F79EFBC}") = "Vastra.API", "Vastra.API\Vastra.API.csproj", "{A3A80C23-1871-4162-A86E-FAF8CBA1B48E}"
EndProject
Global
	GlobalSection(SolutionConfigurationPlatforms) = preSolution
		Debug|Any CPU = Debug|Any CPU
		Release|Any CPU = Release|Any CPU
	EndGlobalSection
	GlobalSection(ProjectConfigurationPlatforms) = postSolution
		{A3A80C23-1871-4162-A86E-FAF8CBA1B48E}.Debug|Any CPU.ActiveCfg = Debug|Any CPU
		{A3A80C23-1871-4162-A86E-FAF8CBA1B48E}.Debug|Any CPU.Build.0 = Debug|Any CPU
		{A3A80C23-1871-4162-A86E-FAF8CBA1B48E}.Release|Any CPU.ActiveCfg = Release|Any CPU
		{A3A80C23-1871-4162-A86E-FAF8CBA1B48E}.Release|Any CPU.Build.0 = Release|Any CPU
	EndGlobalSection
	GlobalSection(SolutionProperties) = preSolution
		HideSolutionNode = FALSE
	EndGlobalSection
	GlobalSection(ExtensibilityGlobals) = postSolution
		SolutionGuid = {216F0A90-7308-421F-A131-47E3C2DCED63}
	EndGlobalSection
EndGlobal
